{
    "version": 3,
    "terraform_version": "0.11.10",
    "serial": 2,
    "lineage": "e8b766a4-bc3e-d4cd-6b9f-188c321b30ff",
    "modules": [
        {
            "path": [
                "root"
            ],
            "outputs": {},
            "resources": {
                "aws_default_route_table.tf_private_rt": {
                    "type": "aws_default_route_table",
                    "depends_on": [
                        "aws_vpc.tf_vpc"
                    ],
                    "primary": {
                        "id": "rtb-0f0bb97700123dfcf",
                        "attributes": {
                            "default_route_table_id": "rtb-0f0bb97700123dfcf",
                            "id": "rtb-0f0bb97700123dfcf",
                            "propagating_vgws.#": "0",
                            "route.#": "0",
                            "tags.%": "1",
                            "tags.Name": "tf_private",
                            "vpc_id": "vpc-0c8fdfed50c69d548"
                        },
                        "meta": {},
                        "tainted": false
                    },
                    "deposed": [],
                    "provider": "provider.aws"
                },
                "aws_internet_gateway.tf_internet_gateway": {
                    "type": "aws_internet_gateway",
                    "depends_on": [
                        "aws_vpc.tf_vpc"
                    ],
                    "primary": {
                        "id": "igw-05bddb4399c62b9a2",
                        "attributes": {
                            "id": "igw-05bddb4399c62b9a2",
                            "tags.%": "1",
                            "tags.Name": "tf_igw",
                            "vpc_id": "vpc-0c8fdfed50c69d548"
                        },
                        "meta": {},
                        "tainted": false
                    },
                    "deposed": [],
                    "provider": "provider.aws"
                },
                "aws_route_table.tf_public_rt": {
                    "type": "aws_route_table",
                    "depends_on": [
                        "aws_internet_gateway.tf_internet_gateway",
                        "aws_vpc.tf_vpc"
                    ],
                    "primary": {
                        "id": "rtb-03164d8d6077dead0",
                        "attributes": {
                            "id": "rtb-03164d8d6077dead0",
                            "propagating_vgws.#": "0",
                            "route.#": "1",
                            "route.1258358667.cidr_block": "0.0.0.0/0",
                            "route.1258358667.egress_only_gateway_id": "",
                            "route.1258358667.gateway_id": "igw-05bddb4399c62b9a2",
                            "route.1258358667.instance_id": "",
                            "route.1258358667.ipv6_cidr_block": "",
                            "route.1258358667.nat_gateway_id": "",
                            "route.1258358667.network_interface_id": "",
                            "route.1258358667.vpc_peering_connection_id": "",
                            "tags.%": "1",
                            "tags.Name": "tf_public",
                            "vpc_id": "vpc-0c8fdfed50c69d548"
                        },
                        "meta": {},
                        "tainted": false
                    },
                    "deposed": [],
                    "provider": "provider.aws"
                },
                "aws_vpc.tf_vpc": {
                    "type": "aws_vpc",
                    "depends_on": [],
                    "primary": {
                        "id": "vpc-0c8fdfed50c69d548",
                        "attributes": {
                            "arn": "arn:aws:ec2:us-east-1:568557597151:vpc/vpc-0c8fdfed50c69d548",
                            "assign_generated_ipv6_cidr_block": "false",
                            "cidr_block": "10.123.0.0/16",
                            "default_network_acl_id": "acl-095cd77d4bb63aca3",
                            "default_route_table_id": "rtb-0f0bb97700123dfcf",
                            "default_security_group_id": "sg-01b0ac14906409997",
                            "dhcp_options_id": "dopt-18e8037f",
                            "enable_classiclink": "false",
                            "enable_classiclink_dns_support": "false",
                            "enable_dns_hostnames": "true",
                            "enable_dns_support": "true",
                            "id": "vpc-0c8fdfed50c69d548",
                            "instance_tenancy": "default",
                            "main_route_table_id": "rtb-0f0bb97700123dfcf",
                            "tags.%": "1",
                            "tags.Name": "tf_vpc"
                        },
                        "meta": {
                            "schema_version": "1"
                        },
                        "tainted": false
                    },
                    "deposed": [],
                    "provider": "provider.aws"
                },
                "data.aws_availability_zones.available": {
                    "type": "aws_availability_zones",
                    "depends_on": [],
                    "primary": {
                        "id": "2018-10-30 11:05:08.367481827 +0000 UTC",
                        "attributes": {
                            "id": "2018-10-30 11:05:08.367481827 +0000 UTC",
                            "names.#": "6",
                            "names.0": "us-east-1a",
                            "names.1": "us-east-1b",
                            "names.2": "us-east-1c",
                            "names.3": "us-east-1d",
                            "names.4": "us-east-1e",
                            "names.5": "us-east-1f"
                        },
                        "meta": {},
                        "tainted": false
                    },
                    "deposed": [],
                    "provider": "provider.aws"
                }
            },
            "depends_on": []
        }
    ]
}
