{
    "version": 3,
    "terraform_version": "0.11.10",
    "serial": 2,
    "lineage": "90a481f0-be9a-bbef-dd55-5c8960b9f8c9",
    "modules": [
        {
            "path": [
                "root"
            ],
            "outputs": {
                "bucketname": {
                    "sensitive": false,
                    "type": "string",
                    "value": "la-terraform-1577806027"
                }
            },
            "resources": {
                "aws_s3_bucket.tf_code": {
                    "type": "aws_s3_bucket",
                    "depends_on": [
                        "random_id.tf_bucket_id"
                    ],
                    "primary": {
                        "id": "la-terraform-1577806027",
                        "attributes": {
                            "acceleration_status": "",
                            "acl": "private",
                            "arn": "arn:aws:s3:::la-terraform-1577806027",
                            "bucket": "la-terraform-1577806027",
                            "bucket_domain_name": "la-terraform-1577806027.s3.amazonaws.com",
                            "bucket_regional_domain_name": "la-terraform-1577806027.s3.amazonaws.com",
                            "cors_rule.#": "0",
                            "force_destroy": "true",
                            "hosted_zone_id": "Z3AQBSTGFYJSTF",
                            "id": "la-terraform-1577806027",
                            "lifecycle_rule.#": "0",
                            "logging.#": "0",
                            "region": "us-east-1",
                            "replication_configuration.#": "0",
                            "request_payer": "BucketOwner",
                            "server_side_encryption_configuration.#": "0",
                            "tags.%": "1",
                            "tags.name": "tf_bucket",
                            "versioning.#": "1",
                            "versioning.0.enabled": "false",
                            "versioning.0.mfa_delete": "false",
                            "website.#": "0"
                        },
                        "meta": {},
                        "tainted": false
                    },
                    "deposed": [],
                    "provider": "provider.aws"
                },
                "random_id.tf_bucket_id": {
                    "type": "random_id",
                    "depends_on": [],
                    "primary": {
                        "id": "Xgtoyw",
                        "attributes": {
                            "b64": "Xgtoyw",
                            "b64_std": "Xgtoyw==",
                            "b64_url": "Xgtoyw",
                            "byte_length": "4",
                            "dec": "1577806027",
                            "hex": "5e0b68cb",
                            "id": "Xgtoyw"
                        },
                        "meta": {},
                        "tainted": false
                    },
                    "deposed": [],
                    "provider": "provider.random"
                }
            },
            "depends_on": []
        }
    ]
}
